{
  "pins" : [
    {
      "identity" : "alamofire",
      "kind" : "remoteSourceControl",
      "location" : "https://github.com/Alamofire/Alamofire",
      "state" : {
        "revision" : "0c8cb78d05b6d067ee331c05058ff4dedcb45ffa",
        "version" : "5.0.0"
      }
    },
    {
      "identity" : "datapackage",
      "kind" : "remoteSourceControl",
      "location" : "https://github.com/SyedTayyab99/DataPackage",
      "state" : {
        "branch" : "main",
        "revision" : "7fbf4b8bb742dfa92d12d6ab9ac353b8142010ef"
      }
    },
    {
      "identity" : "realm-core",
      "kind" : "remoteSourceControl",
      "location" : "https://github.com/realm/realm-core.git",
      "state" : {
        "revision" : "e56380f05793998dfea0d87a34b68fdba475961c",
        "version" : "13.9.0"
      }
    },
    {
      "identity" : "realm-swift",
      "kind" : "remoteSourceControl",
      "location" : "https://github.com/realm/realm-swift",
      "state" : {
        "revision" : "71bddc82c4fe3dd6488739ff8b7e99f69183a614",
        "version" : "10.38.0"
      }
    }
  ],
  "version" : 2
}
